{
  "name": "ngx-formz",
  "version": "0.0.1",
  "lockfileVersion": 3,
  "requires": true,
  "packages": {
    "": {
      "name": "ngx-formz",
      "version": "0.0.1",
      "license": "MIT LICENSE",
      "engines": {
        "node": ">=20.17.0",
        "npm": ">=10.8.2"
      },
      "peerDependencies": {
        "@angular/common": "^18.2.0",
        "@angular/core": "^18.2.0",
        "@types/uuid": "^10.0.0",
        "tslib": "^2.3.0",
        "uuid": "^10.0.0",
        "vest": "^5.4.6"
      }
    },
    "node_modules/@angular/common": {
      "version": "18.2.13",
      "resolved": "https://registry.npmjs.org/@angular/common/-/common-18.2.13.tgz",
      "integrity": "sha512-4ZqrNp1PoZo7VNvW+sbSc2CB2axP1sCH2wXl8B0wdjsj8JY1hF1OhuugwhpAHtGxqewed2kCXayE+ZJqSTV4jw==",
      "license": "MIT",
      "peer": true,
      "dependencies": {
        "tslib": "^2.3.0"
      },
      "engines": {
        "node": "^18.19.1 || ^20.11.1 || >=22.0.0"
      },
      "peerDependencies": {
        "@angular/core": "18.2.13",
        "rxjs": "^6.5.3 || ^7.4.0"
      }
    },
    "node_modules/@angular/core": {
      "version": "18.2.13",
      "resolved": "https://registry.npmjs.org/@angular/core/-/core-18.2.13.tgz",
      "integrity": "sha512-8mbWHMgO95OuFV1Ejy4oKmbe9NOJ3WazQf/f7wks8Bck7pcihd0IKhlPBNjFllbF5o+04EYSwFhEtvEgjMDClA==",
      "license": "MIT",
      "peer": true,
      "dependencies": {
        "tslib": "^2.3.0"
      },
      "engines": {
        "node": "^18.19.1 || ^20.11.1 || >=22.0.0"
      },
      "peerDependencies": {
        "rxjs": "^6.5.3 || ^7.4.0",
        "zone.js": "~0.14.10"
      }
    },
    "node_modules/@types/uuid": {
      "version": "10.0.0",
      "resolved": "https://registry.npmjs.org/@types/uuid/-/uuid-10.0.0.tgz",
      "integrity": "sha512-7gqG38EyHgyP1S+7+xomFtL+ZNHcKv6DwNaCZmJmo1vgMugyF3TCnXVg4t1uk89mLNwnLtnY3TpOpCOyp1/xHQ==",
      "license": "MIT",
      "peer": true
    },
    "node_modules/context": {
      "version": "3.0.33",
      "resolved": "https://registry.npmjs.org/context/-/context-3.0.33.tgz",
      "integrity": "sha512-9nBbXhHVKRFLYKk3oa7W+aHt/eiGm5aIMp4Y4IwQsiAO+deRtlJ72EA8m7Cvs3v7gjjBuqKljvt2eyihVHUJoQ==",
      "license": "MIT",
      "peer": true,
      "dependencies": {
        "vest-utils": "^1.3.3"
      }
    },
    "node_modules/n4s": {
      "version": "5.0.28",
      "resolved": "https://registry.npmjs.org/n4s/-/n4s-5.0.28.tgz",
      "integrity": "sha512-64ap7Qn8Oyua2ImIZH6/pkql89qyiTZ4jJqpS2g863++0tgbM4cuv3KJvZqMpa8kY2ovZ4q3cD0/KU4SImjg5g==",
      "license": "MIT",
      "peer": true,
      "dependencies": {
        "context": "^3.0.33",
        "vest-utils": "^1.3.3"
      }
    },
    "node_modules/rxjs": {
      "version": "7.8.2",
      "resolved": "https://registry.npmjs.org/rxjs/-/rxjs-7.8.2.tgz",
      "integrity": "sha512-dhKf903U/PQZY6boNNtAGdWbG85WAbjT/1xYoZIC7FAY0yWapOBQVsVrDl58W86//e1VpMNBtRV4MaXfdMySFA==",
      "license": "Apache-2.0",
      "peer": true,
      "dependencies": {
        "tslib": "^2.1.0"
      }
    },
    "node_modules/tslib": {
      "version": "2.8.1",
      "resolved": "https://registry.npmjs.org/tslib/-/tslib-2.8.1.tgz",
      "integrity": "sha512-oJFu94HQb+KVduSUQL7wnpmqnfmLsOA/nAh6b6EH0wCEoK0/mPeXU6c3wKDV83MkOuHPRHtSXKKU99IBazS/2w==",
      "license": "0BSD",
      "peer": true
    },
    "node_modules/uuid": {
      "version": "10.0.0",
      "resolved": "https://registry.npmjs.org/uuid/-/uuid-10.0.0.tgz",
      "integrity": "sha512-8XkAphELsDnEGrDxUOHB3RGvXz6TeuYSGEZBOjtTtPm2lwhGBjLgOzLHB63IUWfBpNucQjND6d3AOudO+H3RWQ==",
      "funding": [
        "https://github.com/sponsors/broofa",
        "https://github.com/sponsors/ctavan"
      ],
      "license": "MIT",
      "peer": true,
      "bin": {
        "uuid": "dist/bin/uuid"
      }
    },
    "node_modules/vast": {
      "version": "1.0.42",
      "resolved": "https://registry.npmjs.org/vast/-/vast-1.0.42.tgz",
      "integrity": "sha512-YP3zNDRVZZRuHgUJ5xD7HAF0AFius2KWqIYSAuzA6E4ftPkL+gSQrp9agPM1HgsHS9L7XWoegYxsH81kawztuQ==",
      "license": "MIT",
      "peer": true,
      "dependencies": {
        "vest-utils": "^1.3.3"
      }
    },
    "node_modules/vest": {
      "version": "5.4.6",
      "resolved": "https://registry.npmjs.org/vest/-/vest-5.4.6.tgz",
      "integrity": "sha512-Q3KQYluxdjnz5/HmR8coHNlXbJPLWMfrwz4wlcqMX4SaJ8qcmy5Ix9NTiQt3hTMrETdj+q+513J/kt+ahdJlLg==",
      "license": "MIT",
      "peer": true,
      "dependencies": {
        "context": "^3.0.33",
        "n4s": "^5.0.28",
        "vast": "^1.0.42",
        "vest-utils": "^1.3.3",
        "vestjs-runtime": "^1.5.1"
      }
    },
    "node_modules/vest-utils": {
      "version": "1.3.3",
      "resolved": "https://registry.npmjs.org/vest-utils/-/vest-utils-1.3.3.tgz",
      "integrity": "sha512-9y+26YXjOpv89QmEXlFrTFLUMwUjAuwpimUVgb8HS3eNuBR3HEY68o4U/sPyGTh3OEvS7N502pX82WDm1zvsaA==",
      "license": "MIT",
      "peer": true
    },
    "node_modules/vestjs-runtime": {
      "version": "1.5.1",
      "resolved": "https://registry.npmjs.org/vestjs-runtime/-/vestjs-runtime-1.5.1.tgz",
      "integrity": "sha512-kiXuNJBS/6ZkzMArLuiEBtXe/cMr/8NE4lp6flpLuEzVwXM2nli9UfvQ26lmuvU1/ggPgjJNv/FpSnWofvHYcA==",
      "license": "MIT",
      "peer": true,
      "dependencies": {
        "context": "^3.0.33",
        "vest-utils": "^1.3.3"
      }
    },
    "node_modules/zone.js": {
      "version": "0.14.10",
      "resolved": "https://registry.npmjs.org/zone.js/-/zone.js-0.14.10.tgz",
      "integrity": "sha512-YGAhaO7J5ywOXW6InXNlLmfU194F8lVgu7bRntUF3TiG8Y3nBK0x1UJJuHUP/e8IyihkjCYqhCScpSwnlaSRkQ==",
      "license": "MIT",
      "peer": true
    }
  }
}
